// !$*UTF8*$!
{
	archiveVersion = 1;
	classes = {
	};
	objectVersion = 56;
	objects = {

/* Begin PBXBuildFile section */
		C32C81D5291B78B60070F387 /* String+Extension.swift in Sources */ = {isa = PBXBuildFile; fileRef = C32C81D4291B78B60070F387 /* String+Extension.swift */; };
		C32C820E291D0EE00070F387 /* GoogleService-Info.plist in Resources */ = {isa = PBXBuildFile; fileRef = C32C820D291D0EE00070F387 /* GoogleService-Info.plist */; };
		C32C8211291E508E0070F387 /* FirebaseAnalytics in Frameworks */ = {isa = PBXBuildFile; productRef = C32C8210291E508E0070F387 /* FirebaseAnalytics */; };
		C32C8213291E508E0070F387 /* FirebaseAuth in Frameworks */ = {isa = PBXBuildFile; productRef = C32C8212291E508E0070F387 /* FirebaseAuth */; };
		C32C8215291E508E0070F387 /* FirebaseFirestore in Frameworks */ = {isa = PBXBuildFile; productRef = C32C8214291E508E0070F387 /* FirebaseFirestore */; };
		C32C8217291E508E0070F387 /* FirebaseMessaging in Frameworks */ = {isa = PBXBuildFile; productRef = C32C8216291E508E0070F387 /* FirebaseMessaging */; };
		C32C8219291E546D0070F387 /* Elert+Extension.swift in Sources */ = {isa = PBXBuildFile; fileRef = C32C8218291E546D0070F387 /* Elert+Extension.swift */; };
		C32C8222291E609A0070F387 /* User.swift in Sources */ = {isa = PBXBuildFile; fileRef = C32C8221291E609A0070F387 /* User.swift */; };
		C32C8237291E70B40070F387 /* Toast in Frameworks */ = {isa = PBXBuildFile; productRef = C32C8236291E70B40070F387 /* Toast */; };
		C32C823A291FB2770070F387 /* Alamofire in Frameworks */ = {isa = PBXBuildFile; productRef = C32C8239291FB2770070F387 /* Alamofire */; };
		C32C823D291FB2E40070F387 /* APIService.swift in Sources */ = {isa = PBXBuildFile; fileRef = C32C823C291FB2E40070F387 /* APIService.swift */; };
		C32C8240291FB6320070F387 /* API.swift in Sources */ = {isa = PBXBuildFile; fileRef = C32C823F291FB6320070F387 /* API.swift */; };
		C32C8244291FB7F50070F387 /* KEY.swift in Sources */ = {isa = PBXBuildFile; fileRef = C32C8243291FB7F50070F387 /* KEY.swift */; };
		C32C8246291FC4960070F387 /* URL+Extension.swift in Sources */ = {isa = PBXBuildFile; fileRef = C32C8245291FC4960070F387 /* URL+Extension.swift */; };
		C32C824B2922099D0070F387 /* MyInfoView.swift in Sources */ = {isa = PBXBuildFile; fileRef = C32C824A2922099D0070F387 /* MyInfoView.swift */; };
		C32C824E292209C10070F387 /* MyInforViewController.swift in Sources */ = {isa = PBXBuildFile; fileRef = C32C824D292209C10070F387 /* MyInforViewController.swift */; };
		C36907F629220DB2002B4C4D /* MyInfoCustomTableView.swift in Sources */ = {isa = PBXBuildFile; fileRef = C36907F529220DB2002B4C4D /* MyInfoCustomTableView.swift */; };
		C36907FA29221E91002B4C4D /* SecondMyInfoView.swift in Sources */ = {isa = PBXBuildFile; fileRef = C36907F929221E91002B4C4D /* SecondMyInfoView.swift */; };
		C36907FC29221E9F002B4C4D /* SecondMyInfoViewController.swift in Sources */ = {isa = PBXBuildFile; fileRef = C36907FB29221E9F002B4C4D /* SecondMyInfoViewController.swift */; };
		C3B28AA8292CA83800B284BB /* ChattingViewController.swift in Sources */ = {isa = PBXBuildFile; fileRef = C3B28AA7292CA83800B284BB /* ChattingViewController.swift */; };
		C3B28AAA292CA83D00B284BB /* ChattingView.swift in Sources */ = {isa = PBXBuildFile; fileRef = C3B28AA9292CA83D00B284BB /* ChattingView.swift */; };
		C3B293762918D29F00F2D55D /* AppDelegate.swift in Sources */ = {isa = PBXBuildFile; fileRef = C3B293752918D29F00F2D55D /* AppDelegate.swift */; };
		C3B293782918D29F00F2D55D /* SceneDelegate.swift in Sources */ = {isa = PBXBuildFile; fileRef = C3B293772918D29F00F2D55D /* SceneDelegate.swift */; };
		C3B2937A2918D29F00F2D55D /* ViewController.swift in Sources */ = {isa = PBXBuildFile; fileRef = C3B293792918D29F00F2D55D /* ViewController.swift */; };
		C3B2937D2918D29F00F2D55D /* Main.storyboard in Resources */ = {isa = PBXBuildFile; fileRef = C3B2937B2918D29F00F2D55D /* Main.storyboard */; };
		C3B2937F2918D2A100F2D55D /* Assets.xcassets in Resources */ = {isa = PBXBuildFile; fileRef = C3B2937E2918D2A100F2D55D /* Assets.xcassets */; };
		C3B293822918D2A100F2D55D /* LaunchScreen.storyboard in Resources */ = {isa = PBXBuildFile; fileRef = C3B293802918D2A100F2D55D /* LaunchScreen.storyboard */; };
		C3B2938E2918E1B300F2D55D /* PageViewController.swift in Sources */ = {isa = PBXBuildFile; fileRef = C3B2938D2918E1B300F2D55D /* PageViewController.swift */; };
		C3B293972918E1FC00F2D55D /* SnapKit in Frameworks */ = {isa = PBXBuildFile; productRef = C3B293962918E1FC00F2D55D /* SnapKit */; };
		C3B2939F2918E24A00F2D55D /* BaseView.swift in Sources */ = {isa = PBXBuildFile; fileRef = C3B2939E2918E24A00F2D55D /* BaseView.swift */; };
		C3B293A32918F32700F2D55D /* PageView.swift in Sources */ = {isa = PBXBuildFile; fileRef = C3B293A22918F32700F2D55D /* PageView.swift */; };
		C3B293A529190DEF00F2D55D /* CustomPageCollectionView.swift in Sources */ = {isa = PBXBuildFile; fileRef = C3B293A429190DEF00F2D55D /* CustomPageCollectionView.swift */; };
		C3B293A729192D0F00F2D55D /* Color+Extension.swift in Sources */ = {isa = PBXBuildFile; fileRef = C3B293A629192D0F00F2D55D /* Color+Extension.swift */; };
		C3B293AB2919306E00F2D55D /* LoginViewController.swift in Sources */ = {isa = PBXBuildFile; fileRef = C3B293AA2919306E00F2D55D /* LoginViewController.swift */; };
		C3B293AD2919307400F2D55D /* LoginView.swift in Sources */ = {isa = PBXBuildFile; fileRef = C3B293AC2919307400F2D55D /* LoginView.swift */; };
		C3B293B02919424400F2D55D /* IQKeyboardManagerSwift in Frameworks */ = {isa = PBXBuildFile; productRef = C3B293AF2919424400F2D55D /* IQKeyboardManagerSwift */; };
		C3C226542919EAF90042062A /* .gitignore in Resources */ = {isa = PBXBuildFile; fileRef = C3C226532919EAF90042062A /* .gitignore */; };
		C3C22656291A50CA0042062A /* SecondLoginViewController.swift in Sources */ = {isa = PBXBuildFile; fileRef = C3C22655291A50CA0042062A /* SecondLoginViewController.swift */; };
		C3C22658291A50D50042062A /* SecondLoginView.swift in Sources */ = {isa = PBXBuildFile; fileRef = C3C22657291A50D50042062A /* SecondLoginView.swift */; };
		C3C2265A291A5CAF0042062A /* NickNameView.swift in Sources */ = {isa = PBXBuildFile; fileRef = C3C22659291A5CAF0042062A /* NickNameView.swift */; };
		C3C2265C291A5CB50042062A /* NickNameViewController.swift in Sources */ = {isa = PBXBuildFile; fileRef = C3C2265B291A5CB50042062A /* NickNameViewController.swift */; };
		C3C2265E291A603F0042062A /* BirthView.swift in Sources */ = {isa = PBXBuildFile; fileRef = C3C2265D291A603F0042062A /* BirthView.swift */; };
		C3C22660291A604D0042062A /* BirthViewController.swift in Sources */ = {isa = PBXBuildFile; fileRef = C3C2265F291A604D0042062A /* BirthViewController.swift */; };
		C3C22662291A62590042062A /* EmailView.swift in Sources */ = {isa = PBXBuildFile; fileRef = C3C22661291A62590042062A /* EmailView.swift */; };
		C3C22664291A62610042062A /* EmailViewController.swift in Sources */ = {isa = PBXBuildFile; fileRef = C3C22663291A62610042062A /* EmailViewController.swift */; };
		C3C22666291AA7A00042062A /* GenderView.swift in Sources */ = {isa = PBXBuildFile; fileRef = C3C22665291AA7A00042062A /* GenderView.swift */; };
		C3C22668291AA7A70042062A /* GenderViewController.swift in Sources */ = {isa = PBXBuildFile; fileRef = C3C22667291AA7A70042062A /* GenderViewController.swift */; };
		C3C688E32923903200B59D0C /* CardViewTableCell.swift in Sources */ = {isa = PBXBuildFile; fileRef = C3C688E22923903200B59D0C /* CardViewTableCell.swift */; };
		C3C688E5292394B400B59D0C /* UserSettingTableCell.swift in Sources */ = {isa = PBXBuildFile; fileRef = C3C688E4292394B400B59D0C /* UserSettingTableCell.swift */; };
		C3C688E72923953B00B59D0C /* BaseTableViewCell.swift in Sources */ = {isa = PBXBuildFile; fileRef = C3C688E62923953B00B59D0C /* BaseTableViewCell.swift */; };
		C3C688EB2923BA9500B59D0C /* MyInfoWithdrawView.swift in Sources */ = {isa = PBXBuildFile; fileRef = C3C688EA2923BA9500B59D0C /* MyInfoWithdrawView.swift */; };
		C3C688ED2923BA9E00B59D0C /* MyInfoWithdrawViewController.swift in Sources */ = {isa = PBXBuildFile; fileRef = C3C688EC2923BA9E00B59D0C /* MyInfoWithdrawViewController.swift */; };
		C3C688FF2924CC8B00B59D0C /* MainShopKindView.swift in Sources */ = {isa = PBXBuildFile; fileRef = C3C688FE2924CC8B00B59D0C /* MainShopKindView.swift */; };
		C3C689012924CC9600B59D0C /* MainShopBackgroundView.swift in Sources */ = {isa = PBXBuildFile; fileRef = C3C689002924CC9600B59D0C /* MainShopBackgroundView.swift */; };
		C3C689032924CCAD00B59D0C /* MainFriendsView.swift in Sources */ = {isa = PBXBuildFile; fileRef = C3C689022924CCAD00B59D0C /* MainFriendsView.swift */; };
		C3C689052924CCC200B59D0C /* MainPlusFriendsView.swift in Sources */ = {isa = PBXBuildFile; fileRef = C3C689042924CCC200B59D0C /* MainPlusFriendsView.swift */; };
		C3C689092924CD5E00B59D0C /* MainMapViewController.swift in Sources */ = {isa = PBXBuildFile; fileRef = C3C689082924CD5E00B59D0C /* MainMapViewController.swift */; };
		C3C6890B2924CD6800B59D0C /* MainMapView.swift in Sources */ = {isa = PBXBuildFile; fileRef = C3C6890A2924CD6800B59D0C /* MainMapView.swift */; };
		C3C6890D2924CE7E00B59D0C /* MainShopKindViewController.swift in Sources */ = {isa = PBXBuildFile; fileRef = C3C6890C2924CE7E00B59D0C /* MainShopKindViewController.swift */; };
		C3C6890F2924CE8A00B59D0C /* MainShopBackgroundViewController.swift in Sources */ = {isa = PBXBuildFile; fileRef = C3C6890E2924CE8A00B59D0C /* MainShopBackgroundViewController.swift */; };
		C3C689112924CE9500B59D0C /* MainFriendsViewController.swift in Sources */ = {isa = PBXBuildFile; fileRef = C3C689102924CE9500B59D0C /* MainFriendsViewController.swift */; };
		C3C689132924CEA300B59D0C /* MainPlusFriendsViewController.swift in Sources */ = {isa = PBXBuildFile; fileRef = C3C689122924CEA300B59D0C /* MainPlusFriendsViewController.swift */; };
		C3C689162924DEE100B59D0C /* JJFloatingActionButton in Frameworks */ = {isa = PBXBuildFile; productRef = C3C689152924DEE100B59D0C /* JJFloatingActionButton */; };
		C3C6891A2924E7DB00B59D0C /* MatchingStudyView.swift in Sources */ = {isa = PBXBuildFile; fileRef = C3C689192924E7DB00B59D0C /* MatchingStudyView.swift */; };
		C3C6891C2924E7E300B59D0C /* MatchingStudyViewController.swift in Sources */ = {isa = PBXBuildFile; fileRef = C3C6891B2924E7E300B59D0C /* MatchingStudyViewController.swift */; };
		C3C68920292518BB00B59D0C /* FristLoginViewModel.swift in Sources */ = {isa = PBXBuildFile; fileRef = C3C6891F292518BB00B59D0C /* FristLoginViewModel.swift */; };
		C3C689222925234800B59D0C /* MVVMFirstLoginViewController.swift in Sources */ = {isa = PBXBuildFile; fileRef = C3C689212925234800B59D0C /* MVVMFirstLoginViewController.swift */; };
		C3C6892429266B6A00B59D0C /* SplashView.swift in Sources */ = {isa = PBXBuildFile; fileRef = C3C6892329266B6A00B59D0C /* SplashView.swift */; };
		C3C6892629266B7700B59D0C /* SplashViewController.swift in Sources */ = {isa = PBXBuildFile; fileRef = C3C6892529266B7700B59D0C /* SplashViewController.swift */; };
		C3C689292926C0E900B59D0C /* RxCocoa in Frameworks */ = {isa = PBXBuildFile; productRef = C3C689282926C0E900B59D0C /* RxCocoa */; };
		C3C6892B2926C0E900B59D0C /* RxSwift in Frameworks */ = {isa = PBXBuildFile; productRef = C3C6892A2926C0E900B59D0C /* RxSwift */; };
		C3C6892E2926C13C00B59D0C /* RxGesture in Frameworks */ = {isa = PBXBuildFile; productRef = C3C6892D2926C13C00B59D0C /* RxGesture */; };
		C3C689502927DFDB00B59D0C /* SeSACTitleCollectionCell.swift in Sources */ = {isa = PBXBuildFile; fileRef = C3C6894F2927DFDB00B59D0C /* SeSACTitleCollectionCell.swift */; };
		C3C68954292A146C00B59D0C /* NearUserEmptyView.swift in Sources */ = {isa = PBXBuildFile; fileRef = C3C68953292A146C00B59D0C /* NearUserEmptyView.swift */; };
		C3C68956292A147600B59D0C /* NearUserEmptyViewController.swift in Sources */ = {isa = PBXBuildFile; fileRef = C3C68955292A147600B59D0C /* NearUserEmptyViewController.swift */; };
		C3C68958292A2DCF00B59D0C /* CustomAnnotationView.swift in Sources */ = {isa = PBXBuildFile; fileRef = C3C68957292A2DCF00B59D0C /* CustomAnnotationView.swift */; };
/* End PBXBuildFile section */

/* Begin PBXFileReference section */
		C32C81D4291B78B60070F387 /* String+Extension.swift */ = {isa = PBXFileReference; lastKnownFileType = sourcecode.swift; path = "String+Extension.swift"; sourceTree = "<group>"; };
		C32C81E1291BAAD70070F387 /* MyStudyApp.entitlements */ = {isa = PBXFileReference; lastKnownFileType = text.plist.entitlements; path = MyStudyApp.entitlements; sourceTree = "<group>"; };
		C32C820D291D0EE00070F387 /* GoogleService-Info.plist */ = {isa = PBXFileReference; fileEncoding = 4; lastKnownFileType = text.plist.xml; path = "GoogleService-Info.plist"; sourceTree = "<group>"; };
		C32C8218291E546D0070F387 /* Elert+Extension.swift */ = {isa = PBXFileReference; lastKnownFileType = sourcecode.swift; path = "Elert+Extension.swift"; sourceTree = "<group>"; };
		C32C8221291E609A0070F387 /* User.swift */ = {isa = PBXFileReference; lastKnownFileType = sourcecode.swift; path = User.swift; sourceTree = "<group>"; };
		C32C823C291FB2E40070F387 /* APIService.swift */ = {isa = PBXFileReference; lastKnownFileType = sourcecode.swift; path = APIService.swift; sourceTree = "<group>"; };
		C32C823F291FB6320070F387 /* API.swift */ = {isa = PBXFileReference; lastKnownFileType = sourcecode.swift; path = API.swift; sourceTree = "<group>"; };
		C32C8243291FB7F50070F387 /* KEY.swift */ = {isa = PBXFileReference; lastKnownFileType = sourcecode.swift; path = KEY.swift; sourceTree = "<group>"; };
		C32C8245291FC4960070F387 /* URL+Extension.swift */ = {isa = PBXFileReference; lastKnownFileType = sourcecode.swift; path = "URL+Extension.swift"; sourceTree = "<group>"; };
		C32C824A2922099D0070F387 /* MyInfoView.swift */ = {isa = PBXFileReference; lastKnownFileType = sourcecode.swift; path = MyInfoView.swift; sourceTree = "<group>"; };
		C32C824D292209C10070F387 /* MyInforViewController.swift */ = {isa = PBXFileReference; lastKnownFileType = sourcecode.swift; path = MyInforViewController.swift; sourceTree = "<group>"; };
		C36907F529220DB2002B4C4D /* MyInfoCustomTableView.swift */ = {isa = PBXFileReference; lastKnownFileType = sourcecode.swift; path = MyInfoCustomTableView.swift; sourceTree = "<group>"; };
		C36907F929221E91002B4C4D /* SecondMyInfoView.swift */ = {isa = PBXFileReference; lastKnownFileType = sourcecode.swift; path = SecondMyInfoView.swift; sourceTree = "<group>"; };
		C36907FB29221E9F002B4C4D /* SecondMyInfoViewController.swift */ = {isa = PBXFileReference; lastKnownFileType = sourcecode.swift; path = SecondMyInfoViewController.swift; sourceTree = "<group>"; };
		C3B28AA7292CA83800B284BB /* ChattingViewController.swift */ = {isa = PBXFileReference; lastKnownFileType = sourcecode.swift; path = ChattingViewController.swift; sourceTree = "<group>"; };
		C3B28AA9292CA83D00B284BB /* ChattingView.swift */ = {isa = PBXFileReference; lastKnownFileType = sourcecode.swift; path = ChattingView.swift; sourceTree = "<group>"; };
		C3B293722918D29F00F2D55D /* MyStudyApp.app */ = {isa = PBXFileReference; explicitFileType = wrapper.application; includeInIndex = 0; path = MyStudyApp.app; sourceTree = BUILT_PRODUCTS_DIR; };
		C3B293752918D29F00F2D55D /* AppDelegate.swift */ = {isa = PBXFileReference; lastKnownFileType = sourcecode.swift; path = AppDelegate.swift; sourceTree = "<group>"; };
		C3B293772918D29F00F2D55D /* SceneDelegate.swift */ = {isa = PBXFileReference; lastKnownFileType = sourcecode.swift; path = SceneDelegate.swift; sourceTree = "<group>"; };
		C3B293792918D29F00F2D55D /* ViewController.swift */ = {isa = PBXFileReference; lastKnownFileType = sourcecode.swift; path = ViewController.swift; sourceTree = "<group>"; };
		C3B2937C2918D29F00F2D55D /* Base */ = {isa = PBXFileReference; lastKnownFileType = file.storyboard; name = Base; path = Base.lproj/Main.storyboard; sourceTree = "<group>"; };
		C3B2937E2918D2A100F2D55D /* Assets.xcassets */ = {isa = PBXFileReference; lastKnownFileType = folder.assetcatalog; path = Assets.xcassets; sourceTree = "<group>"; };
		C3B293812918D2A100F2D55D /* Base */ = {isa = PBXFileReference; lastKnownFileType = file.storyboard; name = Base; path = Base.lproj/LaunchScreen.storyboard; sourceTree = "<group>"; };
		C3B293832918D2A100F2D55D /* Info.plist */ = {isa = PBXFileReference; lastKnownFileType = text.plist.xml; path = Info.plist; sourceTree = "<group>"; };
		C3B2938D2918E1B300F2D55D /* PageViewController.swift */ = {isa = PBXFileReference; lastKnownFileType = sourcecode.swift; path = PageViewController.swift; sourceTree = "<group>"; };
		C3B2939E2918E24A00F2D55D /* BaseView.swift */ = {isa = PBXFileReference; lastKnownFileType = sourcecode.swift; path = BaseView.swift; sourceTree = "<group>"; };
		C3B293A22918F32700F2D55D /* PageView.swift */ = {isa = PBXFileReference; lastKnownFileType = sourcecode.swift; path = PageView.swift; sourceTree = "<group>"; };
		C3B293A429190DEF00F2D55D /* CustomPageCollectionView.swift */ = {isa = PBXFileReference; lastKnownFileType = sourcecode.swift; path = CustomPageCollectionView.swift; sourceTree = "<group>"; };
		C3B293A629192D0F00F2D55D /* Color+Extension.swift */ = {isa = PBXFileReference; lastKnownFileType = sourcecode.swift; path = "Color+Extension.swift"; sourceTree = "<group>"; };
		C3B293AA2919306E00F2D55D /* LoginViewController.swift */ = {isa = PBXFileReference; lastKnownFileType = sourcecode.swift; path = LoginViewController.swift; sourceTree = "<group>"; };
		C3B293AC2919307400F2D55D /* LoginView.swift */ = {isa = PBXFileReference; lastKnownFileType = sourcecode.swift; path = LoginView.swift; sourceTree = "<group>"; };
		C3C226532919EAF90042062A /* .gitignore */ = {isa = PBXFileReference; lastKnownFileType = text; path = .gitignore; sourceTree = "<group>"; };
		C3C22655291A50CA0042062A /* SecondLoginViewController.swift */ = {isa = PBXFileReference; lastKnownFileType = sourcecode.swift; path = SecondLoginViewController.swift; sourceTree = "<group>"; };
		C3C22657291A50D50042062A /* SecondLoginView.swift */ = {isa = PBXFileReference; lastKnownFileType = sourcecode.swift; path = SecondLoginView.swift; sourceTree = "<group>"; };
		C3C22659291A5CAF0042062A /* NickNameView.swift */ = {isa = PBXFileReference; lastKnownFileType = sourcecode.swift; path = NickNameView.swift; sourceTree = "<group>"; };
		C3C2265B291A5CB50042062A /* NickNameViewController.swift */ = {isa = PBXFileReference; lastKnownFileType = sourcecode.swift; path = NickNameViewController.swift; sourceTree = "<group>"; };
		C3C2265D291A603F0042062A /* BirthView.swift */ = {isa = PBXFileReference; lastKnownFileType = sourcecode.swift; path = BirthView.swift; sourceTree = "<group>"; };
		C3C2265F291A604D0042062A /* BirthViewController.swift */ = {isa = PBXFileReference; lastKnownFileType = sourcecode.swift; path = BirthViewController.swift; sourceTree = "<group>"; };
		C3C22661291A62590042062A /* EmailView.swift */ = {isa = PBXFileReference; lastKnownFileType = sourcecode.swift; path = EmailView.swift; sourceTree = "<group>"; };
		C3C22663291A62610042062A /* EmailViewController.swift */ = {isa = PBXFileReference; lastKnownFileType = sourcecode.swift; path = EmailViewController.swift; sourceTree = "<group>"; };
		C3C22665291AA7A00042062A /* GenderView.swift */ = {isa = PBXFileReference; lastKnownFileType = sourcecode.swift; path = GenderView.swift; sourceTree = "<group>"; };
		C3C22667291AA7A70042062A /* GenderViewController.swift */ = {isa = PBXFileReference; lastKnownFileType = sourcecode.swift; path = GenderViewController.swift; sourceTree = "<group>"; };
		C3C688E22923903200B59D0C /* CardViewTableCell.swift */ = {isa = PBXFileReference; lastKnownFileType = sourcecode.swift; path = CardViewTableCell.swift; sourceTree = "<group>"; };
		C3C688E4292394B400B59D0C /* UserSettingTableCell.swift */ = {isa = PBXFileReference; lastKnownFileType = sourcecode.swift; path = UserSettingTableCell.swift; sourceTree = "<group>"; };
		C3C688E62923953B00B59D0C /* BaseTableViewCell.swift */ = {isa = PBXFileReference; lastKnownFileType = sourcecode.swift; path = BaseTableViewCell.swift; sourceTree = "<group>"; };
		C3C688EA2923BA9500B59D0C /* MyInfoWithdrawView.swift */ = {isa = PBXFileReference; lastKnownFileType = sourcecode.swift; path = MyInfoWithdrawView.swift; sourceTree = "<group>"; };
		C3C688EC2923BA9E00B59D0C /* MyInfoWithdrawViewController.swift */ = {isa = PBXFileReference; lastKnownFileType = sourcecode.swift; path = MyInfoWithdrawViewController.swift; sourceTree = "<group>"; };
		C3C688FE2924CC8B00B59D0C /* MainShopKindView.swift */ = {isa = PBXFileReference; lastKnownFileType = sourcecode.swift; path = MainShopKindView.swift; sourceTree = "<group>"; };
		C3C689002924CC9600B59D0C /* MainShopBackgroundView.swift */ = {isa = PBXFileReference; lastKnownFileType = sourcecode.swift; path = MainShopBackgroundView.swift; sourceTree = "<group>"; };
		C3C689022924CCAD00B59D0C /* MainFriendsView.swift */ = {isa = PBXFileReference; lastKnownFileType = sourcecode.swift; path = MainFriendsView.swift; sourceTree = "<group>"; };
		C3C689042924CCC200B59D0C /* MainPlusFriendsView.swift */ = {isa = PBXFileReference; lastKnownFileType = sourcecode.swift; path = MainPlusFriendsView.swift; sourceTree = "<group>"; };
		C3C689082924CD5E00B59D0C /* MainMapViewController.swift */ = {isa = PBXFileReference; lastKnownFileType = sourcecode.swift; path = MainMapViewController.swift; sourceTree = "<group>"; };
		C3C6890A2924CD6800B59D0C /* MainMapView.swift */ = {isa = PBXFileReference; lastKnownFileType = sourcecode.swift; path = MainMapView.swift; sourceTree = "<group>"; };
		C3C6890C2924CE7E00B59D0C /* MainShopKindViewController.swift */ = {isa = PBXFileReference; lastKnownFileType = sourcecode.swift; path = MainShopKindViewController.swift; sourceTree = "<group>"; };
		C3C6890E2924CE8A00B59D0C /* MainShopBackgroundViewController.swift */ = {isa = PBXFileReference; lastKnownFileType = sourcecode.swift; path = MainShopBackgroundViewController.swift; sourceTree = "<group>"; };
		C3C689102924CE9500B59D0C /* MainFriendsViewController.swift */ = {isa = PBXFileReference; lastKnownFileType = sourcecode.swift; path = MainFriendsViewController.swift; sourceTree = "<group>"; };
		C3C689122924CEA300B59D0C /* MainPlusFriendsViewController.swift */ = {isa = PBXFileReference; lastKnownFileType = sourcecode.swift; path = MainPlusFriendsViewController.swift; sourceTree = "<group>"; };
		C3C689192924E7DB00B59D0C /* MatchingStudyView.swift */ = {isa = PBXFileReference; lastKnownFileType = sourcecode.swift; path = MatchingStudyView.swift; sourceTree = "<group>"; };
		C3C6891B2924E7E300B59D0C /* MatchingStudyViewController.swift */ = {isa = PBXFileReference; lastKnownFileType = sourcecode.swift; path = MatchingStudyViewController.swift; sourceTree = "<group>"; };
		C3C6891F292518BB00B59D0C /* FristLoginViewModel.swift */ = {isa = PBXFileReference; lastKnownFileType = sourcecode.swift; path = FristLoginViewModel.swift; sourceTree = "<group>"; };
		C3C689212925234800B59D0C /* MVVMFirstLoginViewController.swift */ = {isa = PBXFileReference; lastKnownFileType = sourcecode.swift; path = MVVMFirstLoginViewController.swift; sourceTree = "<group>"; };
		C3C6892329266B6A00B59D0C /* SplashView.swift */ = {isa = PBXFileReference; lastKnownFileType = sourcecode.swift; path = SplashView.swift; sourceTree = "<group>"; };
		C3C6892529266B7700B59D0C /* SplashViewController.swift */ = {isa = PBXFileReference; lastKnownFileType = sourcecode.swift; path = SplashViewController.swift; sourceTree = "<group>"; };
		C3C6894F2927DFDB00B59D0C /* SeSACTitleCollectionCell.swift */ = {isa = PBXFileReference; lastKnownFileType = sourcecode.swift; path = SeSACTitleCollectionCell.swift; sourceTree = "<group>"; };
		C3C68953292A146C00B59D0C /* NearUserEmptyView.swift */ = {isa = PBXFileReference; lastKnownFileType = sourcecode.swift; path = NearUserEmptyView.swift; sourceTree = "<group>"; };
		C3C68955292A147600B59D0C /* NearUserEmptyViewController.swift */ = {isa = PBXFileReference; lastKnownFileType = sourcecode.swift; path = NearUserEmptyViewController.swift; sourceTree = "<group>"; };
		C3C68957292A2DCF00B59D0C /* CustomAnnotationView.swift */ = {isa = PBXFileReference; lastKnownFileType = sourcecode.swift; path = CustomAnnotationView.swift; sourceTree = "<group>"; };
/* End PBXFileReference section */

/* Begin PBXFrameworksBuildPhase section */
		C3B2936F2918D29F00F2D55D /* Frameworks */ = {
			isa = PBXFrameworksBuildPhase;
			buildActionMask = 2147483647;
			files = (
				C32C8217291E508E0070F387 /* FirebaseMessaging in Frameworks */,
				C3C689162924DEE100B59D0C /* JJFloatingActionButton in Frameworks */,
				C3C689292926C0E900B59D0C /* RxCocoa in Frameworks */,
				C32C8213291E508E0070F387 /* FirebaseAuth in Frameworks */,
				C32C8237291E70B40070F387 /* Toast in Frameworks */,
				C3B293972918E1FC00F2D55D /* SnapKit in Frameworks */,
				C32C823A291FB2770070F387 /* Alamofire in Frameworks */,
				C32C8211291E508E0070F387 /* FirebaseAnalytics in Frameworks */,
				C3B293B02919424400F2D55D /* IQKeyboardManagerSwift in Frameworks */,
				C32C8215291E508E0070F387 /* FirebaseFirestore in Frameworks */,
				C3C6892E2926C13C00B59D0C /* RxGesture in Frameworks */,
				C3C6892B2926C0E900B59D0C /* RxSwift in Frameworks */,
			);
			runOnlyForDeploymentPostprocessing = 0;
		};
/* End PBXFrameworksBuildPhase section */

/* Begin PBXGroup section */
		C32C821A291E5C2F0070F387 /* MainView */ = {
			isa = PBXGroup;
			children = (
				C3B28AA5292CA81200B284BB /* 1_5_chatting */,
				C3C68951292A143B00B59D0C /* 1_3_near_user */,
				C3C689172924E7AE00B59D0C /* 1_2_study */,
				C3C689072924CD2C00B59D0C /* 1_1_main */,
				C3C688FB2924CC2F00B59D0C /* 3_plus_friends */,
				C3C688FA2924CC1A00B59D0C /* 3_friends */,
				C3C688F92924CBFD00B59D0C /* 2_shop_bg */,
				C3C688F82924CBF400B59D0C /* 2_shop_kind */,
				C3C688E82923BA4600B59D0C /* 4_1_my_info_withdraw */,
				C36907F829221E73002B4C4D /* 4_1_my_info */,
				C32C82492922096D0070F387 /* 4_my_info */,
			);
			path = MainView;
			sourceTree = "<group>";
		};
		C32C821B291E5C370070F387 /* MainViewController */ = {
			isa = PBXGroup;
			children = (
				C3B28AA6292CA82200B284BB /* 1_5_chatting */,
				C3C68952292A145700B59D0C /* 1_3_near_user */,
				C3C689182924E7BC00B59D0C /* 1_2_study */,
				C3C689062924CD0A00B59D0C /* 1_1_main */,
				C3C688FD2924CC5300B59D0C /* 3_plus_friends */,
				C3C688FC2924CC4A00B59D0C /* 3_friends */,
				C3C688F72924CBE800B59D0C /* 2_shop_bg */,
				C3C688F62924CBB300B59D0C /* 2_shop_kind */,
				C3C688E92923BA6100B59D0C /* 4_1_my_info_withdraw */,
				C36907F729221E66002B4C4D /* 4_1_my_info */,
				C32C824C292209A30070F387 /* 4_my_info */,
			);
			path = MainViewController;
			sourceTree = "<group>";
		};
		C32C8220291E608E0070F387 /* Model */ = {
			isa = PBXGroup;
			children = (
				C32C823E291FB5EB0070F387 /* Network */,
				C32C8221291E609A0070F387 /* User.swift */,
			);
			path = Model;
			sourceTree = "<group>";
		};
		C32C8223291E60EE0070F387 /* LoginViewController */ = {
			isa = PBXGroup;
			children = (
				C32C8229291E61490070F387 /* 0_6_gender */,
				C32C8228291E613E0070F387 /* 0_5_email */,
				C32C8227291E61370070F387 /* 0_4_birth */,
				C32C8226291E611E0070F387 /* 0_3_nickname */,
				C32C8225291E61140070F387 /* 0_2_login */,
				C32C8224291E60FF0070F387 /* 0_1_login */,
			);
			path = LoginViewController;
			sourceTree = "<group>";
		};
		C32C8224291E60FF0070F387 /* 0_1_login */ = {
			isa = PBXGroup;
			children = (
				C3B293AA2919306E00F2D55D /* LoginViewController.swift */,
			);
			path = 0_1_login;
			sourceTree = "<group>";
		};
		C32C8225291E61140070F387 /* 0_2_login */ = {
			isa = PBXGroup;
			children = (
				C3C22655291A50CA0042062A /* SecondLoginViewController.swift */,
			);
			path = 0_2_login;
			sourceTree = "<group>";
		};
		C32C8226291E611E0070F387 /* 0_3_nickname */ = {
			isa = PBXGroup;
			children = (
				C3C2265B291A5CB50042062A /* NickNameViewController.swift */,
			);
			path = 0_3_nickname;
			sourceTree = "<group>";
		};
		C32C8227291E61370070F387 /* 0_4_birth */ = {
			isa = PBXGroup;
			children = (
				C3C2265F291A604D0042062A /* BirthViewController.swift */,
			);
			path = 0_4_birth;
			sourceTree = "<group>";
		};
		C32C8228291E613E0070F387 /* 0_5_email */ = {
			isa = PBXGroup;
			children = (
				C3C22663291A62610042062A /* EmailViewController.swift */,
			);
			path = 0_5_email;
			sourceTree = "<group>";
		};
		C32C8229291E61490070F387 /* 0_6_gender */ = {
			isa = PBXGroup;
			children = (
				C3C22667291AA7A70042062A /* GenderViewController.swift */,
			);
			path = 0_6_gender;
			sourceTree = "<group>";
		};
		C32C822A291E617D0070F387 /* 0_1_login */ = {
			isa = PBXGroup;
			children = (
				C3B293AC2919307400F2D55D /* LoginView.swift */,
			);
			path = 0_1_login;
			sourceTree = "<group>";
		};
		C32C822F291E618D0070F387 /* 0_2_login */ = {
			isa = PBXGroup;
			children = (
				C3C22657291A50D50042062A /* SecondLoginView.swift */,
			);
			path = 0_2_login;
			sourceTree = "<group>";
		};
		C32C8230291E61900070F387 /* 0_3_nickname */ = {
			isa = PBXGroup;
			children = (
				C3C22659291A5CAF0042062A /* NickNameView.swift */,
			);
			path = 0_3_nickname;
			sourceTree = "<group>";
		};
		C32C8231291E61920070F387 /* 0_4_birth */ = {
			isa = PBXGroup;
			children = (
				C3C2265D291A603F0042062A /* BirthView.swift */,
			);
			path = 0_4_birth;
			sourceTree = "<group>";
		};
		C32C8232291E61940070F387 /* 0_5_email */ = {
			isa = PBXGroup;
			children = (
				C3C22661291A62590042062A /* EmailView.swift */,
			);
			path = 0_5_email;
			sourceTree = "<group>";
		};
		C32C8233291E61C70070F387 /* 0_6_gender */ = {
			isa = PBXGroup;
			children = (
				C3C22665291AA7A00042062A /* GenderView.swift */,
			);
			path = 0_6_gender;
			sourceTree = "<group>";
		};
		C32C8234291E620B0070F387 /* LoginView */ = {
			isa = PBXGroup;
			children = (
				C32C8233291E61C70070F387 /* 0_6_gender */,
				C32C8232291E61940070F387 /* 0_5_email */,
				C32C8231291E61920070F387 /* 0_4_birth */,
				C32C8230291E61900070F387 /* 0_3_nickname */,
				C32C822F291E618D0070F387 /* 0_2_login */,
				C32C822A291E617D0070F387 /* 0_1_login */,
			);
			path = LoginView;
			sourceTree = "<group>";
		};
		C32C823E291FB5EB0070F387 /* Network */ = {
			isa = PBXGroup;
			children = (
				C32C823C291FB2E40070F387 /* APIService.swift */,
				C32C823F291FB6320070F387 /* API.swift */,
				C32C8243291FB7F50070F387 /* KEY.swift */,
			);
			path = Network;
			sourceTree = "<group>";
		};
		C32C82492922096D0070F387 /* 4_my_info */ = {
			isa = PBXGroup;
			children = (
				C32C824A2922099D0070F387 /* MyInfoView.swift */,
				C36907F529220DB2002B4C4D /* MyInfoCustomTableView.swift */,
			);
			path = 4_my_info;
			sourceTree = "<group>";
		};
		C32C824C292209A30070F387 /* 4_my_info */ = {
			isa = PBXGroup;
			children = (
				C32C824D292209C10070F387 /* MyInforViewController.swift */,
			);
			path = 4_my_info;
			sourceTree = "<group>";
		};
		C36907F729221E66002B4C4D /* 4_1_my_info */ = {
			isa = PBXGroup;
			children = (
				C36907FB29221E9F002B4C4D /* SecondMyInfoViewController.swift */,
			);
			path = 4_1_my_info;
			sourceTree = "<group>";
		};
		C36907F829221E73002B4C4D /* 4_1_my_info */ = {
			isa = PBXGroup;
			children = (
				C3C6894F2927DFDB00B59D0C /* SeSACTitleCollectionCell.swift */,
				C3C688E4292394B400B59D0C /* UserSettingTableCell.swift */,
				C3C688E22923903200B59D0C /* CardViewTableCell.swift */,
				C36907F929221E91002B4C4D /* SecondMyInfoView.swift */,
			);
			path = 4_1_my_info;
			sourceTree = "<group>";
		};
		C3B28AA5292CA81200B284BB /* 1_5_chatting */ = {
			isa = PBXGroup;
			children = (
				C3B28AA9292CA83D00B284BB /* ChattingView.swift */,
			);
			path = 1_5_chatting;
			sourceTree = "<group>";
		};
		C3B28AA6292CA82200B284BB /* 1_5_chatting */ = {
			isa = PBXGroup;
			children = (
				C3B28AA7292CA83800B284BB /* ChattingViewController.swift */,
			);
			path = 1_5_chatting;
			sourceTree = "<group>";
		};
		C3B293692918D29F00F2D55D = {
			isa = PBXGroup;
			children = (
				C3B293742918D29F00F2D55D /* MyStudyApp */,
				C3B293732918D29F00F2D55D /* Products */,
			);
			sourceTree = "<group>";
		};
		C3B293732918D29F00F2D55D /* Products */ = {
			isa = PBXGroup;
			children = (
				C3B293722918D29F00F2D55D /* MyStudyApp.app */,
			);
			name = Products;
			sourceTree = "<group>";
		};
		C3B293742918D29F00F2D55D /* MyStudyApp */ = {
			isa = PBXGroup;
			children = (
				C3C6891D2925189100B59D0C /* ViewModel */,
				C32C8220291E608E0070F387 /* Model */,
				C32C820D291D0EE00070F387 /* GoogleService-Info.plist */,
				C32C81E1291BAAD70070F387 /* MyStudyApp.entitlements */,
				C3B293A929192E6400F2D55D /* ViewController */,
				C3B293A829192E5400F2D55D /* View */,
				C3B2938C2918E18400F2D55D /* OnBoarding */,
				C3B293892918DCB200F2D55D /* Extension */,
				C3B293752918D29F00F2D55D /* AppDelegate.swift */,
				C3B293772918D29F00F2D55D /* SceneDelegate.swift */,
				C3B293792918D29F00F2D55D /* ViewController.swift */,
				C3B2937B2918D29F00F2D55D /* Main.storyboard */,
				C3B2937E2918D2A100F2D55D /* Assets.xcassets */,
				C3B293802918D2A100F2D55D /* LaunchScreen.storyboard */,
				C3B293832918D2A100F2D55D /* Info.plist */,
				C3B2939E2918E24A00F2D55D /* BaseView.swift */,
				C3C226532919EAF90042062A /* .gitignore */,
				C3C688E62923953B00B59D0C /* BaseTableViewCell.swift */,
			);
			path = MyStudyApp;
			sourceTree = "<group>";
		};
		C3B293892918DCB200F2D55D /* Extension */ = {
			isa = PBXGroup;
			children = (
				C3B293A629192D0F00F2D55D /* Color+Extension.swift */,
				C32C81D4291B78B60070F387 /* String+Extension.swift */,
				C32C8218291E546D0070F387 /* Elert+Extension.swift */,
				C32C8245291FC4960070F387 /* URL+Extension.swift */,
			);
			path = Extension;
			sourceTree = "<group>";
		};
		C3B2938C2918E18400F2D55D /* OnBoarding */ = {
			isa = PBXGroup;
			children = (
				C3B2938D2918E1B300F2D55D /* PageViewController.swift */,
				C3B293A22918F32700F2D55D /* PageView.swift */,
				C3B293A429190DEF00F2D55D /* CustomPageCollectionView.swift */,
				C3C6892329266B6A00B59D0C /* SplashView.swift */,
				C3C6892529266B7700B59D0C /* SplashViewController.swift */,
			);
			path = OnBoarding;
			sourceTree = "<group>";
		};
		C3B293A829192E5400F2D55D /* View */ = {
			isa = PBXGroup;
			children = (
				C32C8234291E620B0070F387 /* LoginView */,
				C32C821A291E5C2F0070F387 /* MainView */,
			);
			path = View;
			sourceTree = "<group>";
		};
		C3B293A929192E6400F2D55D /* ViewController */ = {
			isa = PBXGroup;
			children = (
				C32C8223291E60EE0070F387 /* LoginViewController */,
				C32C821B291E5C370070F387 /* MainViewController */,
			);
			path = ViewController;
			sourceTree = "<group>";
		};
		C3C688E82923BA4600B59D0C /* 4_1_my_info_withdraw */ = {
			isa = PBXGroup;
			children = (
				C3C688EA2923BA9500B59D0C /* MyInfoWithdrawView.swift */,
			);
			path = 4_1_my_info_withdraw;
			sourceTree = "<group>";
		};
		C3C688E92923BA6100B59D0C /* 4_1_my_info_withdraw */ = {
			isa = PBXGroup;
			children = (
				C3C688EC2923BA9E00B59D0C /* MyInfoWithdrawViewController.swift */,
			);
			path = 4_1_my_info_withdraw;
			sourceTree = "<group>";
		};
		C3C688F62924CBB300B59D0C /* 2_shop_kind */ = {
			isa = PBXGroup;
			children = (
				C3C6890C2924CE7E00B59D0C /* MainShopKindViewController.swift */,
			);
			path = 2_shop_kind;
			sourceTree = "<group>";
		};
		C3C688F72924CBE800B59D0C /* 2_shop_bg */ = {
			isa = PBXGroup;
			children = (
				C3C6890E2924CE8A00B59D0C /* MainShopBackgroundViewController.swift */,
			);
			path = 2_shop_bg;
			sourceTree = "<group>";
		};
		C3C688F82924CBF400B59D0C /* 2_shop_kind */ = {
			isa = PBXGroup;
			children = (
				C3C688FE2924CC8B00B59D0C /* MainShopKindView.swift */,
			);
			path = 2_shop_kind;
			sourceTree = "<group>";
		};
		C3C688F92924CBFD00B59D0C /* 2_shop_bg */ = {
			isa = PBXGroup;
			children = (
				C3C689002924CC9600B59D0C /* MainShopBackgroundView.swift */,
			);
			path = 2_shop_bg;
			sourceTree = "<group>";
		};
		C3C688FA2924CC1A00B59D0C /* 3_friends */ = {
			isa = PBXGroup;
			children = (
				C3C689022924CCAD00B59D0C /* MainFriendsView.swift */,
			);
			path = 3_friends;
			sourceTree = "<group>";
		};
		C3C688FB2924CC2F00B59D0C /* 3_plus_friends */ = {
			isa = PBXGroup;
			children = (
				C3C689042924CCC200B59D0C /* MainPlusFriendsView.swift */,
			);
			path = 3_plus_friends;
			sourceTree = "<group>";
		};
		C3C688FC2924CC4A00B59D0C /* 3_friends */ = {
			isa = PBXGroup;
			children = (
				C3C689102924CE9500B59D0C /* MainFriendsViewController.swift */,
			);
			path = 3_friends;
			sourceTree = "<group>";
		};
		C3C688FD2924CC5300B59D0C /* 3_plus_friends */ = {
			isa = PBXGroup;
			children = (
				C3C689122924CEA300B59D0C /* MainPlusFriendsViewController.swift */,
			);
			path = 3_plus_friends;
			sourceTree = "<group>";
		};
		C3C689062924CD0A00B59D0C /* 1_1_main */ = {
			isa = PBXGroup;
			children = (
				C3C689082924CD5E00B59D0C /* MainMapViewController.swift */,
			);
			path = 1_1_main;
			sourceTree = "<group>";
		};
		C3C689072924CD2C00B59D0C /* 1_1_main */ = {
			isa = PBXGroup;
			children = (
				C3C6890A2924CD6800B59D0C /* MainMapView.swift */,
				C3C68957292A2DCF00B59D0C /* CustomAnnotationView.swift */,
			);
			path = 1_1_main;
			sourceTree = "<group>";
		};
		C3C689172924E7AE00B59D0C /* 1_2_study */ = {
			isa = PBXGroup;
			children = (
				C3C689192924E7DB00B59D0C /* MatchingStudyView.swift */,
			);
			path = 1_2_study;
			sourceTree = "<group>";
		};
		C3C689182924E7BC00B59D0C /* 1_2_study */ = {
			isa = PBXGroup;
			children = (
				C3C6891B2924E7E300B59D0C /* MatchingStudyViewController.swift */,
			);
			path = 1_2_study;
			sourceTree = "<group>";
		};
		C3C6891D2925189100B59D0C /* ViewModel */ = {
			isa = PBXGroup;
			children = (
				C3C6891E2925189B00B59D0C /* 0_1_login */,
			);
			path = ViewModel;
			sourceTree = "<group>";
		};
		C3C6891E2925189B00B59D0C /* 0_1_login */ = {
			isa = PBXGroup;
			children = (
				C3C6891F292518BB00B59D0C /* FristLoginViewModel.swift */,
				C3C689212925234800B59D0C /* MVVMFirstLoginViewController.swift */,
			);
			path = 0_1_login;
			sourceTree = "<group>";
		};
		C3C68951292A143B00B59D0C /* 1_3_near_user */ = {
			isa = PBXGroup;
			children = (
				C3C68953292A146C00B59D0C /* NearUserEmptyView.swift */,
			);
			path = 1_3_near_user;
			sourceTree = "<group>";
		};
		C3C68952292A145700B59D0C /* 1_3_near_user */ = {
			isa = PBXGroup;
			children = (
				C3C68955292A147600B59D0C /* NearUserEmptyViewController.swift */,
			);
			path = 1_3_near_user;
			sourceTree = "<group>";
		};
/* End PBXGroup section */

/* Begin PBXNativeTarget section */
		C3B293712918D29F00F2D55D /* MyStudyApp */ = {
			isa = PBXNativeTarget;
			buildConfigurationList = C3B293862918D2A100F2D55D /* Build configuration list for PBXNativeTarget "MyStudyApp" */;
			buildPhases = (
				C3B2936E2918D29F00F2D55D /* Sources */,
				C3B2936F2918D29F00F2D55D /* Frameworks */,
				C3B293702918D29F00F2D55D /* Resources */,
			);
			buildRules = (
			);
			dependencies = (
			);
			name = MyStudyApp;
			packageProductDependencies = (
				C3B293962918E1FC00F2D55D /* SnapKit */,
				C3B293AF2919424400F2D55D /* IQKeyboardManagerSwift */,
				C32C8210291E508E0070F387 /* FirebaseAnalytics */,
				C32C8212291E508E0070F387 /* FirebaseAuth */,
				C32C8214291E508E0070F387 /* FirebaseFirestore */,
				C32C8216291E508E0070F387 /* FirebaseMessaging */,
				C32C8236291E70B40070F387 /* Toast */,
				C32C8239291FB2770070F387 /* Alamofire */,
				C3C689152924DEE100B59D0C /* JJFloatingActionButton */,
				C3C689282926C0E900B59D0C /* RxCocoa */,
				C3C6892A2926C0E900B59D0C /* RxSwift */,
				C3C6892D2926C13C00B59D0C /* RxGesture */,
			);
			productName = MyStudyApp;
			productReference = C3B293722918D29F00F2D55D /* MyStudyApp.app */;
			productType = "com.apple.product-type.application";
		};
/* End PBXNativeTarget section */

/* Begin PBXProject section */
		C3B2936A2918D29F00F2D55D /* Project object */ = {
			isa = PBXProject;
			attributes = {
				BuildIndependentTargetsInParallel = 1;
				LastSwiftUpdateCheck = 1400;
				LastUpgradeCheck = 1400;
				TargetAttributes = {
					C3B293712918D29F00F2D55D = {
						CreatedOnToolsVersion = 14.0.1;
					};
				};
			};
			buildConfigurationList = C3B2936D2918D29F00F2D55D /* Build configuration list for PBXProject "MyStudyApp" */;
			compatibilityVersion = "Xcode 14.0";
			developmentRegion = en;
			hasScannedForEncodings = 0;
			knownRegions = (
				en,
				Base,
			);
			mainGroup = C3B293692918D29F00F2D55D;
			packageReferences = (
				C3B293952918E1FC00F2D55D /* XCRemoteSwiftPackageReference "SnapKit" */,
				C3B293AE2919424400F2D55D /* XCRemoteSwiftPackageReference "IQKeyboardManager" */,
				C32C820F291E508E0070F387 /* XCRemoteSwiftPackageReference "firebase-ios-sdk" */,
				C32C8235291E70B40070F387 /* XCRemoteSwiftPackageReference "Toast-Swift" */,
				C32C8238291FB2770070F387 /* XCRemoteSwiftPackageReference "Alamofire" */,
				C3C689142924DEE100B59D0C /* XCRemoteSwiftPackageReference "JJFloatingActionButton" */,
				C3C689272926C0E900B59D0C /* XCRemoteSwiftPackageReference "RxSwift" */,
				C3C6892C2926C13C00B59D0C /* XCRemoteSwiftPackageReference "RxGesture" */,
			);
			productRefGroup = C3B293732918D29F00F2D55D /* Products */;
			projectDirPath = "";
			projectRoot = "";
			targets = (
				C3B293712918D29F00F2D55D /* MyStudyApp */,
			);
		};
/* End PBXProject section */

/* Begin PBXResourcesBuildPhase section */
		C3B293702918D29F00F2D55D /* Resources */ = {
			isa = PBXResourcesBuildPhase;
			buildActionMask = 2147483647;
			files = (
				C3C226542919EAF90042062A /* .gitignore in Resources */,
				C3B293822918D2A100F2D55D /* LaunchScreen.storyboard in Resources */,
				C32C820E291D0EE00070F387 /* GoogleService-Info.plist in Resources */,
				C3B2937F2918D2A100F2D55D /* Assets.xcassets in Resources */,
				C3B2937D2918D29F00F2D55D /* Main.storyboard in Resources */,
			);
			runOnlyForDeploymentPostprocessing = 0;
		};
/* End PBXResourcesBuildPhase section */

/* Begin PBXSourcesBuildPhase section */
		C3B2936E2918D29F00F2D55D /* Sources */ = {
			isa = PBXSourcesBuildPhase;
			buildActionMask = 2147483647;
			files = (
				C3C68920292518BB00B59D0C /* FristLoginViewModel.swift in Sources */,
				C3B293AB2919306E00F2D55D /* LoginViewController.swift in Sources */,
				C3C688EB2923BA9500B59D0C /* MyInfoWithdrawView.swift in Sources */,
				C32C8244291FB7F50070F387 /* KEY.swift in Sources */,
				C32C8222291E609A0070F387 /* User.swift in Sources */,
				C32C8246291FC4960070F387 /* URL+Extension.swift in Sources */,
				C3C688E72923953B00B59D0C /* BaseTableViewCell.swift in Sources */,
				C36907F629220DB2002B4C4D /* MyInfoCustomTableView.swift in Sources */,
				C36907FA29221E91002B4C4D /* SecondMyInfoView.swift in Sources */,
				C32C81D5291B78B60070F387 /* String+Extension.swift in Sources */,
				C3B28AAA292CA83D00B284BB /* ChattingView.swift in Sources */,
				C3C689502927DFDB00B59D0C /* SeSACTitleCollectionCell.swift in Sources */,
				C32C8219291E546D0070F387 /* Elert+Extension.swift in Sources */,
				C3C22668291AA7A70042062A /* GenderViewController.swift in Sources */,
				C32C8240291FB6320070F387 /* API.swift in Sources */,
				C3C689112924CE9500B59D0C /* MainFriendsViewController.swift in Sources */,
				C36907FC29221E9F002B4C4D /* SecondMyInfoViewController.swift in Sources */,
				C3C689092924CD5E00B59D0C /* MainMapViewController.swift in Sources */,
				C3C6890D2924CE7E00B59D0C /* MainShopKindViewController.swift in Sources */,
				C3C689052924CCC200B59D0C /* MainPlusFriendsView.swift in Sources */,
				C3C22664291A62610042062A /* EmailViewController.swift in Sources */,
				C3C22662291A62590042062A /* EmailView.swift in Sources */,
				C3C688E5292394B400B59D0C /* UserSettingTableCell.swift in Sources */,
				C3C68954292A146C00B59D0C /* NearUserEmptyView.swift in Sources */,
				C3C688E32923903200B59D0C /* CardViewTableCell.swift in Sources */,
				C3B293A529190DEF00F2D55D /* CustomPageCollectionView.swift in Sources */,
				C3C22666291AA7A00042062A /* GenderView.swift in Sources */,
				C3B2939F2918E24A00F2D55D /* BaseView.swift in Sources */,
				C3C2265A291A5CAF0042062A /* NickNameView.swift in Sources */,
				C3C68958292A2DCF00B59D0C /* CustomAnnotationView.swift in Sources */,
				C3B293A32918F32700F2D55D /* PageView.swift in Sources */,
				C3B2938E2918E1B300F2D55D /* PageViewController.swift in Sources */,
				C3C6891C2924E7E300B59D0C /* MatchingStudyViewController.swift in Sources */,
				C3C689222925234800B59D0C /* MVVMFirstLoginViewController.swift in Sources */,
				C3C688ED2923BA9E00B59D0C /* MyInfoWithdrawViewController.swift in Sources */,
				C3B2937A2918D29F00F2D55D /* ViewController.swift in Sources */,
				C32C824E292209C10070F387 /* MyInforViewController.swift in Sources */,
				C3B28AA8292CA83800B284BB /* ChattingViewController.swift in Sources */,
				C3C6892429266B6A00B59D0C /* SplashView.swift in Sources */,
				C3B293762918D29F00F2D55D /* AppDelegate.swift in Sources */,
				C3C6891A2924E7DB00B59D0C /* MatchingStudyView.swift in Sources */,
				C3C688FF2924CC8B00B59D0C /* MainShopKindView.swift in Sources */,
				C3C2265E291A603F0042062A /* BirthView.swift in Sources */,
				C3B293782918D29F00F2D55D /* SceneDelegate.swift in Sources */,
				C3C689032924CCAD00B59D0C /* MainFriendsView.swift in Sources */,
				C32C824B2922099D0070F387 /* MyInfoView.swift in Sources */,
				C3C22658291A50D50042062A /* SecondLoginView.swift in Sources */,
				C3C689132924CEA300B59D0C /* MainPlusFriendsViewController.swift in Sources */,
				C3C68956292A147600B59D0C /* NearUserEmptyViewController.swift in Sources */,
				C3C2265C291A5CB50042062A /* NickNameViewController.swift in Sources */,
				C3C22660291A604D0042062A /* BirthViewController.swift in Sources */,
				C32C823D291FB2E40070F387 /* APIService.swift in Sources */,
				C3C6890B2924CD6800B59D0C /* MainMapView.swift in Sources */,
				C3C22656291A50CA0042062A /* SecondLoginViewController.swift in Sources */,
				C3C689012924CC9600B59D0C /* MainShopBackgroundView.swift in Sources */,
				C3C6890F2924CE8A00B59D0C /* MainShopBackgroundViewController.swift in Sources */,
				C3B293AD2919307400F2D55D /* LoginView.swift in Sources */,
				C3B293A729192D0F00F2D55D /* Color+Extension.swift in Sources */,
				C3C6892629266B7700B59D0C /* SplashViewController.swift in Sources */,
			);
			runOnlyForDeploymentPostprocessing = 0;
		};
/* End PBXSourcesBuildPhase section */

/* Begin PBXVariantGroup section */
		C3B2937B2918D29F00F2D55D /* Main.storyboard */ = {
			isa = PBXVariantGroup;
			children = (
				C3B2937C2918D29F00F2D55D /* Base */,
			);
			name = Main.storyboard;
			sourceTree = "<group>";
		};
		C3B293802918D2A100F2D55D /* LaunchScreen.storyboard */ = {
			isa = PBXVariantGroup;
			children = (
				C3B293812918D2A100F2D55D /* Base */,
			);
			name = LaunchScreen.storyboard;
			sourceTree = "<group>";
		};
/* End PBXVariantGroup section */

/* Begin XCBuildConfiguration section */
		C3B293842918D2A100F2D55D /* Debug */ = {
			isa = XCBuildConfiguration;
			buildSettings = {
				ALWAYS_SEARCH_USER_PATHS = NO;
				CLANG_ANALYZER_NONNULL = YES;
				CLANG_ANALYZER_NUMBER_OBJECT_CONVERSION = YES_AGGRESSIVE;
				CLANG_CXX_LANGUAGE_STANDARD = "gnu++20";
				CLANG_ENABLE_MODULES = YES;
				CLANG_ENABLE_OBJC_ARC = YES;
				CLANG_ENABLE_OBJC_WEAK = YES;
				CLANG_WARN_BLOCK_CAPTURE_AUTORELEASING = YES;
				CLANG_WARN_BOOL_CONVERSION = YES;
				CLANG_WARN_COMMA = YES;
				CLANG_WARN_CONSTANT_CONVERSION = YES;
				CLANG_WARN_DEPRECATED_OBJC_IMPLEMENTATIONS = YES;
				CLANG_WARN_DIRECT_OBJC_ISA_USAGE = YES_ERROR;
				CLANG_WARN_DOCUMENTATION_COMMENTS = YES;
				CLANG_WARN_EMPTY_BODY = YES;
				CLANG_WARN_ENUM_CONVERSION = YES;
				CLANG_WARN_INFINITE_RECURSION = YES;
				CLANG_WARN_INT_CONVERSION = YES;
				CLANG_WARN_NON_LITERAL_NULL_CONVERSION = YES;
				CLANG_WARN_OBJC_IMPLICIT_RETAIN_SELF = YES;
				CLANG_WARN_OBJC_LITERAL_CONVERSION = YES;
				CLANG_WARN_OBJC_ROOT_CLASS = YES_ERROR;
				CLANG_WARN_QUOTED_INCLUDE_IN_FRAMEWORK_HEADER = YES;
				CLANG_WARN_RANGE_LOOP_ANALYSIS = YES;
				CLANG_WARN_STRICT_PROTOTYPES = YES;
				CLANG_WARN_SUSPICIOUS_MOVE = YES;
				CLANG_WARN_UNGUARDED_AVAILABILITY = YES_AGGRESSIVE;
				CLANG_WARN_UNREACHABLE_CODE = YES;
				CLANG_WARN__DUPLICATE_METHOD_MATCH = YES;
				COPY_PHASE_STRIP = NO;
				DEBUG_INFORMATION_FORMAT = dwarf;
				ENABLE_STRICT_OBJC_MSGSEND = YES;
				ENABLE_TESTABILITY = YES;
				GCC_C_LANGUAGE_STANDARD = gnu11;
				GCC_DYNAMIC_NO_PIC = NO;
				GCC_NO_COMMON_BLOCKS = YES;
				GCC_OPTIMIZATION_LEVEL = 0;
				GCC_PREPROCESSOR_DEFINITIONS = (
					"DEBUG=1",
					"$(inherited)",
				);
				GCC_WARN_64_TO_32_BIT_CONVERSION = YES;
				GCC_WARN_ABOUT_RETURN_TYPE = YES_ERROR;
				GCC_WARN_UNDECLARED_SELECTOR = YES;
				GCC_WARN_UNINITIALIZED_AUTOS = YES_AGGRESSIVE;
				GCC_WARN_UNUSED_FUNCTION = YES;
				GCC_WARN_UNUSED_VARIABLE = YES;
				IPHONEOS_DEPLOYMENT_TARGET = 16.0;
				MTL_ENABLE_DEBUG_INFO = INCLUDE_SOURCE;
				MTL_FAST_MATH = YES;
				ONLY_ACTIVE_ARCH = YES;
				SDKROOT = iphoneos;
				SWIFT_ACTIVE_COMPILATION_CONDITIONS = DEBUG;
				SWIFT_OPTIMIZATION_LEVEL = "-Onone";
			};
			name = Debug;
		};
		C3B293852918D2A100F2D55D /* Release */ = {
			isa = XCBuildConfiguration;
			buildSettings = {
				ALWAYS_SEARCH_USER_PATHS = NO;
				CLANG_ANALYZER_NONNULL = YES;
				CLANG_ANALYZER_NUMBER_OBJECT_CONVERSION = YES_AGGRESSIVE;
				CLANG_CXX_LANGUAGE_STANDARD = "gnu++20";
				CLANG_ENABLE_MODULES = YES;
				CLANG_ENABLE_OBJC_ARC = YES;
				CLANG_ENABLE_OBJC_WEAK = YES;
				CLANG_WARN_BLOCK_CAPTURE_AUTORELEASING = YES;
				CLANG_WARN_BOOL_CONVERSION = YES;
				CLANG_WARN_COMMA = YES;
				CLANG_WARN_CONSTANT_CONVERSION = YES;
				CLANG_WARN_DEPRECATED_OBJC_IMPLEMENTATIONS = YES;
				CLANG_WARN_DIRECT_OBJC_ISA_USAGE = YES_ERROR;
				CLANG_WARN_DOCUMENTATION_COMMENTS = YES;
				CLANG_WARN_EMPTY_BODY = YES;
				CLANG_WARN_ENUM_CONVERSION = YES;
				CLANG_WARN_INFINITE_RECURSION = YES;
				CLANG_WARN_INT_CONVERSION = YES;
				CLANG_WARN_NON_LITERAL_NULL_CONVERSION = YES;
				CLANG_WARN_OBJC_IMPLICIT_RETAIN_SELF = YES;
				CLANG_WARN_OBJC_LITERAL_CONVERSION = YES;
				CLANG_WARN_OBJC_ROOT_CLASS = YES_ERROR;
				CLANG_WARN_QUOTED_INCLUDE_IN_FRAMEWORK_HEADER = YES;
				CLANG_WARN_RANGE_LOOP_ANALYSIS = YES;
				CLANG_WARN_STRICT_PROTOTYPES = YES;
				CLANG_WARN_SUSPICIOUS_MOVE = YES;
				CLANG_WARN_UNGUARDED_AVAILABILITY = YES_AGGRESSIVE;
				CLANG_WARN_UNREACHABLE_CODE = YES;
				CLANG_WARN__DUPLICATE_METHOD_MATCH = YES;
				COPY_PHASE_STRIP = NO;
				DEBUG_INFORMATION_FORMAT = "dwarf-with-dsym";
				ENABLE_NS_ASSERTIONS = NO;
				ENABLE_STRICT_OBJC_MSGSEND = YES;
				GCC_C_LANGUAGE_STANDARD = gnu11;
				GCC_NO_COMMON_BLOCKS = YES;
				GCC_WARN_64_TO_32_BIT_CONVERSION = YES;
				GCC_WARN_ABOUT_RETURN_TYPE = YES_ERROR;
				GCC_WARN_UNDECLARED_SELECTOR = YES;
				GCC_WARN_UNINITIALIZED_AUTOS = YES_AGGRESSIVE;
				GCC_WARN_UNUSED_FUNCTION = YES;
				GCC_WARN_UNUSED_VARIABLE = YES;
				IPHONEOS_DEPLOYMENT_TARGET = 16.0;
				MTL_ENABLE_DEBUG_INFO = NO;
				MTL_FAST_MATH = YES;
				SDKROOT = iphoneos;
				SWIFT_COMPILATION_MODE = wholemodule;
				SWIFT_OPTIMIZATION_LEVEL = "-O";
				VALIDATE_PRODUCT = YES;
			};
			name = Release;
		};
		C3B293872918D2A100F2D55D /* Debug */ = {
			isa = XCBuildConfiguration;
			buildSettings = {
				ASSETCATALOG_COMPILER_APPICON_NAME = AppIcon;
				ASSETCATALOG_COMPILER_GLOBAL_ACCENT_COLOR_NAME = AccentColor;
				CODE_SIGN_ENTITLEMENTS = MyStudyApp/MyStudyApp.entitlements;
				CODE_SIGN_STYLE = Automatic;
				CURRENT_PROJECT_VERSION = 1;
				DEVELOPMENT_TEAM = 48S4T8HCYX;
				GENERATE_INFOPLIST_FILE = YES;
				INFOPLIST_FILE = MyStudyApp/Info.plist;
				INFOPLIST_KEY_NSLocationAlwaysAndWhenInUseUsageDescription = "";
				INFOPLIST_KEY_NSLocationAlwaysUsageDescription = "";
				INFOPLIST_KEY_NSLocationWhenInUseUsageDescription = "";
				INFOPLIST_KEY_UIApplicationSupportsIndirectInputEvents = YES;
				INFOPLIST_KEY_UILaunchStoryboardName = LaunchScreen;
				INFOPLIST_KEY_UIMainStoryboardFile = Main;
				INFOPLIST_KEY_UISupportedInterfaceOrientations_iPad = "UIInterfaceOrientationPortrait UIInterfaceOrientationPortraitUpsideDown UIInterfaceOrientationLandscapeLeft UIInterfaceOrientationLandscapeRight";
				INFOPLIST_KEY_UISupportedInterfaceOrientations_iPhone = "UIInterfaceOrientationPortrait UIInterfaceOrientationLandscapeLeft UIInterfaceOrientationLandscapeRight";
				LD_RUNPATH_SEARCH_PATHS = (
					"$(inherited)",
					"@executable_path/Frameworks",
				);
				MARKETING_VERSION = 1.0;
				PRODUCT_BUNDLE_IDENTIFIER = com.memolease.sesacslp;
				PRODUCT_NAME = "$(TARGET_NAME)";
				SWIFT_EMIT_LOC_STRINGS = YES;
				SWIFT_VERSION = 5.0;
				TARGETED_DEVICE_FAMILY = "1,2";
			};
			name = Debug;
		};
		C3B293882918D2A100F2D55D /* Release */ = {
			isa = XCBuildConfiguration;
			buildSettings = {
				ASSETCATALOG_COMPILER_APPICON_NAME = AppIcon;
				ASSETCATALOG_COMPILER_GLOBAL_ACCENT_COLOR_NAME = AccentColor;
				CODE_SIGN_ENTITLEMENTS = MyStudyApp/MyStudyApp.entitlements;
				CODE_SIGN_STYLE = Automatic;
				CURRENT_PROJECT_VERSION = 1;
				DEVELOPMENT_TEAM = 48S4T8HCYX;
				GENERATE_INFOPLIST_FILE = YES;
				INFOPLIST_FILE = MyStudyApp/Info.plist;
				INFOPLIST_KEY_NSLocationAlwaysAndWhenInUseUsageDescription = "";
				INFOPLIST_KEY_NSLocationAlwaysUsageDescription = "";
				INFOPLIST_KEY_NSLocationWhenInUseUsageDescription = "";
				INFOPLIST_KEY_UIApplicationSupportsIndirectInputEvents = YES;
				INFOPLIST_KEY_UILaunchStoryboardName = LaunchScreen;
				INFOPLIST_KEY_UIMainStoryboardFile = Main;
				INFOPLIST_KEY_UISupportedInterfaceOrientations_iPad = "UIInterfaceOrientationPortrait UIInterfaceOrientationPortraitUpsideDown UIInterfaceOrientationLandscapeLeft UIInterfaceOrientationLandscapeRight";
				INFOPLIST_KEY_UISupportedInterfaceOrientations_iPhone = "UIInterfaceOrientationPortrait UIInterfaceOrientationLandscapeLeft UIInterfaceOrientationLandscapeRight";
				LD_RUNPATH_SEARCH_PATHS = (
					"$(inherited)",
					"@executable_path/Frameworks",
				);
				MARKETING_VERSION = 1.0;
				PRODUCT_BUNDLE_IDENTIFIER = com.memolease.sesacslp;
				PRODUCT_NAME = "$(TARGET_NAME)";
				SWIFT_EMIT_LOC_STRINGS = YES;
				SWIFT_VERSION = 5.0;
				TARGETED_DEVICE_FAMILY = "1,2";
			};
			name = Release;
		};
/* End XCBuildConfiguration section */

/* Begin XCConfigurationList section */
		C3B2936D2918D29F00F2D55D /* Build configuration list for PBXProject "MyStudyApp" */ = {
			isa = XCConfigurationList;
			buildConfigurations = (
				C3B293842918D2A100F2D55D /* Debug */,
				C3B293852918D2A100F2D55D /* Release */,
			);
			defaultConfigurationIsVisible = 0;
			defaultConfigurationName = Release;
		};
		C3B293862918D2A100F2D55D /* Build configuration list for PBXNativeTarget "MyStudyApp" */ = {
			isa = XCConfigurationList;
			buildConfigurations = (
				C3B293872918D2A100F2D55D /* Debug */,
				C3B293882918D2A100F2D55D /* Release */,
			);
			defaultConfigurationIsVisible = 0;
			defaultConfigurationName = Release;
		};
/* End XCConfigurationList section */

/* Begin XCRemoteSwiftPackageReference section */
		C32C820F291E508E0070F387 /* XCRemoteSwiftPackageReference "firebase-ios-sdk" */ = {
			isa = XCRemoteSwiftPackageReference;
			repositoryURL = "https://github.com/firebase/firebase-ios-sdk";
			requirement = {
				kind = upToNextMajorVersion;
				minimumVersion = 9.0.0;
			};
		};
		C32C8235291E70B40070F387 /* XCRemoteSwiftPackageReference "Toast-Swift" */ = {
			isa = XCRemoteSwiftPackageReference;
			repositoryURL = "https://github.com/scalessec/Toast-Swift.git";
			requirement = {
				kind = upToNextMajorVersion;
				minimumVersion = 5.0.0;
			};
		};
		C32C8238291FB2770070F387 /* XCRemoteSwiftPackageReference "Alamofire" */ = {
			isa = XCRemoteSwiftPackageReference;
			repositoryURL = "https://github.com/Alamofire/Alamofire.git";
			requirement = {
				kind = upToNextMajorVersion;
				minimumVersion = 5.5.0;
			};
		};
		C3B293952918E1FC00F2D55D /* XCRemoteSwiftPackageReference "SnapKit" */ = {
			isa = XCRemoteSwiftPackageReference;
			repositoryURL = "https://github.com/SnapKit/SnapKit.git";
			requirement = {
				kind = upToNextMajorVersion;
				minimumVersion = 5.0.0;
			};
		};
		C3B293AE2919424400F2D55D /* XCRemoteSwiftPackageReference "IQKeyboardManager" */ = {
			isa = XCRemoteSwiftPackageReference;
			repositoryURL = "https://github.com/hackiftekhar/IQKeyboardManager.git";
			requirement = {
				kind = exactVersion;
				version = 6.5.10;
			};
		};
		C3C689142924DEE100B59D0C /* XCRemoteSwiftPackageReference "JJFloatingActionButton" */ = {
			isa = XCRemoteSwiftPackageReference;
			repositoryURL = "https://github.com/jjochen/JJFloatingActionButton.git";
			requirement = {
				kind = upToNextMajorVersion;
				minimumVersion = 2.0.0;
			};
		};
		C3C689272926C0E900B59D0C /* XCRemoteSwiftPackageReference "RxSwift" */ = {
			isa = XCRemoteSwiftPackageReference;
			repositoryURL = "https://github.com/ReactiveX/RxSwift.git";
			requirement = {
				kind = upToNextMajorVersion;
				minimumVersion = 6.0.0;
			};
		};
		C3C6892C2926C13C00B59D0C /* XCRemoteSwiftPackageReference "RxGesture" */ = {
			isa = XCRemoteSwiftPackageReference;
			repositoryURL = "https://github.com/RxSwiftCommunity/RxGesture.git";
			requirement = {
				kind = upToNextMajorVersion;
				minimumVersion = 4.0.0;
			};
		};
/* End XCRemoteSwiftPackageReference section */

/* Begin XCSwiftPackageProductDependency section */
		C32C8210291E508E0070F387 /* FirebaseAnalytics */ = {
			isa = XCSwiftPackageProductDependency;
			package = C32C820F291E508E0070F387 /* XCRemoteSwiftPackageReference "firebase-ios-sdk" */;
			productName = FirebaseAnalytics;
		};
		C32C8212291E508E0070F387 /* FirebaseAuth */ = {
			isa = XCSwiftPackageProductDependency;
			package = C32C820F291E508E0070F387 /* XCRemoteSwiftPackageReference "firebase-ios-sdk" */;
			productName = FirebaseAuth;
		};
		C32C8214291E508E0070F387 /* FirebaseFirestore */ = {
			isa = XCSwiftPackageProductDependency;
			package = C32C820F291E508E0070F387 /* XCRemoteSwiftPackageReference "firebase-ios-sdk" */;
			productName = FirebaseFirestore;
		};
		C32C8216291E508E0070F387 /* FirebaseMessaging */ = {
			isa = XCSwiftPackageProductDependency;
			package = C32C820F291E508E0070F387 /* XCRemoteSwiftPackageReference "firebase-ios-sdk" */;
			productName = FirebaseMessaging;
		};
		C32C8236291E70B40070F387 /* Toast */ = {
			isa = XCSwiftPackageProductDependency;
			package = C32C8235291E70B40070F387 /* XCRemoteSwiftPackageReference "Toast-Swift" */;
			productName = Toast;
		};
		C32C8239291FB2770070F387 /* Alamofire */ = {
			isa = XCSwiftPackageProductDependency;
			package = C32C8238291FB2770070F387 /* XCRemoteSwiftPackageReference "Alamofire" */;
			productName = Alamofire;
		};
		C3B293962918E1FC00F2D55D /* SnapKit */ = {
			isa = XCSwiftPackageProductDependency;
			package = C3B293952918E1FC00F2D55D /* XCRemoteSwiftPackageReference "SnapKit" */;
			productName = SnapKit;
		};
		C3B293AF2919424400F2D55D /* IQKeyboardManagerSwift */ = {
			isa = XCSwiftPackageProductDependency;
			package = C3B293AE2919424400F2D55D /* XCRemoteSwiftPackageReference "IQKeyboardManager" */;
			productName = IQKeyboardManagerSwift;
		};
		C3C689152924DEE100B59D0C /* JJFloatingActionButton */ = {
			isa = XCSwiftPackageProductDependency;
			package = C3C689142924DEE100B59D0C /* XCRemoteSwiftPackageReference "JJFloatingActionButton" */;
			productName = JJFloatingActionButton;
		};
		C3C689282926C0E900B59D0C /* RxCocoa */ = {
			isa = XCSwiftPackageProductDependency;
			package = C3C689272926C0E900B59D0C /* XCRemoteSwiftPackageReference "RxSwift" */;
			productName = RxCocoa;
		};
		C3C6892A2926C0E900B59D0C /* RxSwift */ = {
			isa = XCSwiftPackageProductDependency;
			package = C3C689272926C0E900B59D0C /* XCRemoteSwiftPackageReference "RxSwift" */;
			productName = RxSwift;
		};
		C3C6892D2926C13C00B59D0C /* RxGesture */ = {
			isa = XCSwiftPackageProductDependency;
			package = C3C6892C2926C13C00B59D0C /* XCRemoteSwiftPackageReference "RxGesture" */;
			productName = RxGesture;
		};
/* End XCSwiftPackageProductDependency section */
	};
	rootObject = C3B2936A2918D29F00F2D55D /* Project object */;
}
